
Microsoft Visual Studio Solution File, Format Version 12.00
# Visual Studio 2013
VisualStudioVersion = 12.0.31101.0
MinimumVisualStudioVersion = 10.0.40219.1
Project("{FAE04EC0-301F-11D3-BF4B-00C04F79EFBC}") = "ClassLibrary1", "ClassLibrary1\ClassLibrary1.csproj", "{26A988B6-D08B-43CC-BCD8-28DC60D778B3}"
EndProject
Project("{2150E333-8FDC-42A3-9474-1A3956D46DE8}") = "Core", "Core", "{E6DA217E-2E19-4D59-A0F7-75F1F491DBD6}"
EndProject
Project("{FAE04EC0-301F-11D3-BF4B-00C04F79EFBC}") = "Core.Common", "..\..\Pluralsight\building-multi-client-end-to-end-service-oriented-applications\m1-exercise-files\Source\Core\Core.Common\Core.Common.csproj", "{F6BCFF98-A714-4B7B-978F-23D812D1744A}"
EndProject
Global
	GlobalSection(SolutionConfigurationPlatforms) = preSolution
		Debug|Any CPU = Debug|Any CPU
		Release|Any CPU = Release|Any CPU
	EndGlobalSection
	GlobalSection(ProjectConfigurationPlatforms) = postSolution
		{26A988B6-D08B-43CC-BCD8-28DC60D778B3}.Debug|Any CPU.ActiveCfg = Debug|Any CPU
		{26A988B6-D08B-43CC-BCD8-28DC60D778B3}.Debug|Any CPU.Build.0 = Debug|Any CPU
		{26A988B6-D08B-43CC-BCD8-28DC60D778B3}.Release|Any CPU.ActiveCfg = Release|Any CPU
		{26A988B6-D08B-43CC-BCD8-28DC60D778B3}.Release|Any CPU.Build.0 = Release|Any CPU
		{F6BCFF98-A714-4B7B-978F-23D812D1744A}.Debug|Any CPU.ActiveCfg = Debug|Any CPU
		{F6BCFF98-A714-4B7B-978F-23D812D1744A}.Debug|Any CPU.Build.0 = Debug|Any CPU
		{F6BCFF98-A714-4B7B-978F-23D812D1744A}.Release|Any CPU.ActiveCfg = Release|Any CPU
		{F6BCFF98-A714-4B7B-978F-23D812D1744A}.Release|Any CPU.Build.0 = Release|Any CPU
	EndGlobalSection
	GlobalSection(SolutionProperties) = preSolution
		HideSolutionNode = FALSE
	EndGlobalSection
	GlobalSection(NestedProjects) = preSolution
		{F6BCFF98-A714-4B7B-978F-23D812D1744A} = {E6DA217E-2E19-4D59-A0F7-75F1F491DBD6}
	EndGlobalSection
EndGlobal
